// !$*UTF8*$!
{
	archiveVersion = 1;
	classes = {
	};
	objectVersion = 46;
	objects = {

/* Begin PBXBuildFile section */
		3858D13214F3FD2600C07A61 /* UIKit.framework in Frameworks */ = {isa = PBXBuildFile; fileRef = 3858D13114F3FD2600C07A61 /* UIKit.framework */; };
		3858D13414F3FD2600C07A61 /* Foundation.framework in Frameworks */ = {isa = PBXBuildFile; fileRef = 3858D13314F3FD2600C07A61 /* Foundation.framework */; };
		3858D13614F3FD2600C07A61 /* CoreGraphics.framework in Frameworks */ = {isa = PBXBuildFile; fileRef = 3858D13514F3FD2600C07A61 /* CoreGraphics.framework */; };
		3858D13C14F3FD2600C07A61 /* InfoPlist.strings in Resources */ = {isa = PBXBuildFile; fileRef = 3858D13A14F3FD2600C07A61 /* InfoPlist.strings */; };
		3858D13E14F3FD2600C07A61 /* main.m in Sources */ = {isa = PBXBuildFile; fileRef = 3858D13D14F3FD2600C07A61 /* main.m */; };
		3858D14214F3FD2600C07A61 /* HelloWorldAppDelegate.m in Sources */ = {isa = PBXBuildFile; fileRef = 3858D14114F3FD2600C07A61 /* HelloWorldAppDelegate.m */; };
		3858D14514F3FD2600C07A61 /* MainStoryboard_iPhone.storyboard in Resources */ = {isa = PBXBuildFile; fileRef = 3858D14314F3FD2600C07A61 /* MainStoryboard_iPhone.storyboard */; };
		3858D14814F3FD2600C07A61 /* MainStoryboard_iPad.storyboard in Resources */ = {isa = PBXBuildFile; fileRef = 3858D14614F3FD2600C07A61 /* MainStoryboard_iPad.storyboard */; };
		3858D14B14F3FD2600C07A61 /* HelloWorldViewController.m in Sources */ = {isa = PBXBuildFile; fileRef = 3858D14A14F3FD2600C07A61 /* HelloWorldViewController.m */; };
/* End PBXBuildFile section */

/* Begin PBXFileReference section */
		3858D12D14F3FD2600C07A61 /* HelloWorld.app */ = {isa = PBXFileReference; explicitFileType = wrapper.application; includeInIndex = 0; path = HelloWorld.app; sourceTree = BUILT_PRODUCTS_DIR; };
		3858D13114F3FD2600C07A61 /* UIKit.framework */ = {isa = PBXFileReference; lastKnownFileType = wrapper.framework; name = UIKit.framework; path = System/Library/Frameworks/UIKit.framework; sourceTree = SDKROOT; };
		3858D13314F3FD2600C07A61 /* Foundation.framework */ = {isa = PBXFileReference; lastKnownFileType = wrapper.framework; name = Foundation.framework; path = System/Library/Frameworks/Foundation.framework; sourceTree = SDKROOT; };
		3858D13514F3FD2600C07A61 /* CoreGraphics.framework */ = {isa = PBXFileReference; lastKnownFileType = wrapper.framework; name = CoreGraphics.framework; path = System/Library/Frameworks/CoreGraphics.framework; sourceTree = SDKROOT; };
		3858D13914F3FD2600C07A61 /* HelloWorld-Info.plist */ = {isa = PBXFileReference; lastKnownFileType = text.plist.xml; path = "HelloWorld-Info.plist"; sourceTree = "<group>"; };
		3858D13B14F3FD2600C07A61 /* en */ = {isa = PBXFileReference; lastKnownFileType = text.plist.strings; name = en; path = en.lproj/InfoPlist.strings; sourceTree = "<group>"; };
		3858D13D14F3FD2600C07A61 /* main.m */ = {isa = PBXFileReference; lastKnownFileType = sourcecode.c.objc; path = main.m; sourceTree = "<group>"; };
		3858D13F14F3FD2600C07A61 /* HelloWorld-Prefix.pch */ = {isa = PBXFileReference; lastKnownFileType = sourcecode.c.h; path = "HelloWorld-Prefix.pch"; sourceTree = "<group>"; };
		3858D14014F3FD2600C07A61 /* HelloWorldAppDelegate.h */ = {isa = PBXFileReference; lastKnownFileType = sourcecode.c.h; path = HelloWorldAppDelegate.h; sourceTree = "<group>"; };
		3858D14114F3FD2600C07A61 /* HelloWorldAppDelegate.m */ = {isa = PBXFileReference; lastKnownFileType = sourcecode.c.objc; path = HelloWorldAppDelegate.m; sourceTree = "<group>"; };
		3858D14414F3FD2600C07A61 /* en */ = {isa = PBXFileReference; lastKnownFileType = file.storyboard; name = en; path = en.lproj/MainStoryboard_iPhone.storyboard; sourceTree = "<group>"; };
		3858D14714F3FD2600C07A61 /* en */ = {isa = PBXFileReference; lastKnownFileType = file.storyboard; name = en; path = en.lproj/MainStoryboard_iPad.storyboard; sourceTree = "<group>"; };
		3858D14914F3FD2600C07A61 /* HelloWorldViewController.h */ = {isa = PBXFileReference; lastKnownFileType = sourcecode.c.h; path = HelloWorldViewController.h; sourceTree = "<group>"; };
		3858D14A14F3FD2600C07A61 /* HelloWorldViewController.m */ = {isa = PBXFileReference; lastKnownFileType = sourcecode.c.objc; path = HelloWorldViewController.m; sourceTree = "<group>"; };
/* End PBXFileReference section */

/* Begin PBXFrameworksBuildPhase section */
		3858D12A14F3FD2600C07A61 /* Frameworks */ = {
			isa = PBXFrameworksBuildPhase;
			buildActionMask = 2147483647;
			files = (
				3858D13214F3FD2600C07A61 /* UIKit.framework in Frameworks */,
				3858D13414F3FD2600C07A61 /* Foundation.framework in Frameworks */,
				3858D13614F3FD2600C07A61 /* CoreGraphics.framework in Frameworks */,
			);
			runOnlyForDeploymentPostprocessing = 0;
		};
/* End PBXFrameworksBuildPhase section */

/* Begin PBXGroup section */
		3858D12214F3FD2600C07A61 = {
			isa = PBXGroup;
			children = (
				3858D13714F3FD2600C07A61 /* HelloWorld */,
				3858D13014F3FD2600C07A61 /* Frameworks */,
				3858D12E14F3FD2600C07A61 /* Products */,
			);
			sourceTree = "<group>";
		};
		3858D12E14F3FD2600C07A61 /* Products */ = {
			isa = PBXGroup;
			children = (
				3858D12D14F3FD2600C07A61 /* HelloWorld.app */,
			);
			name = Products;
			sourceTree = "<group>";
		};
		3858D13014F3FD2600C07A61 /* Frameworks */ = {
			isa = PBXGroup;
			children = (
				3858D13114F3FD2600C07A61 /* UIKit.framework */,
				3858D13314F3FD2600C07A61 /* Foundation.framework */,
				3858D13514F3FD2600C07A61 /* CoreGraphics.framework */,
			);
			name = Frameworks;
			sourceTree = "<group>";
		};
		3858D13714F3FD2600C07A61 /* HelloWorld */ = {
			isa = PBXGroup;
			children = (
				3858D14014F3FD2600C07A61 /* HelloWorldAppDelegate.h */,
				3858D14114F3FD2600C07A61 /* HelloWorldAppDelegate.m */,
				3858D14314F3FD2600C07A61 /* MainStoryboard_iPhone.storyboard */,
				3858D14614F3FD2600C07A61 /* MainStoryboard_iPad.storyboard */,
				3858D14914F3FD2600C07A61 /* HelloWorldViewController.h */,
				3858D14A14F3FD2600C07A61 /* HelloWorldViewController.m */,
				3858D13814F3FD2600C07A61 /* Supporting Files */,
			);
			path = HelloWorld;
			sourceTree = "<group>";
		};
		3858D13814F3FD2600C07A61 /* Supporting Files */ = {
			isa = PBXGroup;
			children = (
				3858D13914F3FD2600C07A61 /* HelloWorld-Info.plist */,
				3858D13A14F3FD2600C07A61 /* InfoPlist.strings */,
				3858D13D14F3FD2600C07A61 /* main.m */,
				3858D13F14F3FD2600C07A61 /* HelloWorld-Prefix.pch */,
			);
			name = "Supporting Files";
			sourceTree = "<group>";
		};
/* End PBXGroup section */

/* Begin PBXNativeTarget section */
		3858D12C14F3FD2600C07A61 /* HelloWorld */ = {
			isa = PBXNativeTarget;
			buildConfigurationList = 3858D14E14F3FD2600C07A61 /* Build configuration list for PBXNativeTarget "HelloWorld" */;
			buildPhases = (
				3858D12914F3FD2600C07A61 /* Sources */,
				3858D12A14F3FD2600C07A61 /* Frameworks */,
				3858D12B14F3FD2600C07A61 /* Resources */,
			);
			buildRules = (
			);
			dependencies = (
			);
			name = HelloWorld;
			productName = HelloWorld;
			productReference = 3858D12D14F3FD2600C07A61 /* HelloWorld.app */;
			productType = "com.apple.product-type.application";
		};
/* End PBXNativeTarget section */

/* Begin PBXProject section */
		3858D12414F3FD2600C07A61 /* Project object */ = {
			isa = PBXProject;
			attributes = {
				CLASSPREFIX = HelloWorld;
				LastUpgradeCheck = 0430;
				ORGANIZATIONNAME = "UC Berkeley";
			};
			buildConfigurationList = 3858D12714F3FD2600C07A61 /* Build configuration list for PBXProject "HelloWorld" */;
			compatibilityVersion = "Xcode 3.2";
			developmentRegion = English;
			hasScannedForEncodings = 0;
			knownRegions = (
				en,
			);
			mainGroup = 3858D12214F3FD2600C07A61;
			productRefGroup = 3858D12E14F3FD2600C07A61 /* Products */;
			projectDirPath = "";
			projectRoot = "";
			targets = (
				3858D12C14F3FD2600C07A61 /* HelloWorld */,
			);
		};
/* End PBXProject section */

/* Begin PBXResourcesBuildPhase section */
		3858D12B14F3FD2600C07A61 /* Resources */ = {
			isa = PBXResourcesBuildPhase;
			buildActionMask = 2147483647;
			files = (
				3858D13C14F3FD2600C07A61 /* InfoPlist.strings in Resources */,
				3858D14514F3FD2600C07A61 /* MainStoryboard_iPhone.storyboard in Resources */,
				3858D14814F3FD2600C07A61 /* MainStoryboard_iPad.storyboard in Resources */,
			);
			runOnlyForDeploymentPostprocessing = 0;
		};
/* End PBXResourcesBuildPhase section */

/* Begin PBXSourcesBuildPhase section */
		3858D12914F3FD2600C07A61 /* Sources */ = {
			isa = PBXSourcesBuildPhase;
			buildActionMask = 2147483647;
			files = (
				3858D13E14F3FD2600C07A61 /* main.m in Sources */,
				3858D14214F3FD2600C07A61 /* HelloWorldAppDelegate.m in Sources */,
				3858D14B14F3FD2600C07A61 /* HelloWorldViewController.m in Sources */,
			);
			runOnlyForDeploymentPostprocessing = 0;
		};
/* End PBXSourcesBuildPhase section */

/* Begin PBXVariantGroup section */
		3858D13A14F3FD2600C07A61 /* InfoPlist.strings */ = {
			isa = PBXVariantGroup;
			children = (
				3858D13B14F3FD2600C07A61 /* en */,
			);
			name = InfoPlist.strings;
			sourceTree = "<group>";
		};
		3858D14314F3FD2600C07A61 /* MainStoryboard_iPhone.storyboard */ = {
			isa = PBXVariantGroup;
			children = (
				3858D14414F3FD2600C07A61 /* en */,
			);
			name = MainStoryboard_iPhone.storyboard;
			sourceTree = "<group>";
		};
		3858D14614F3FD2600C07A61 /* MainStoryboard_iPad.storyboard */ = {
			isa = PBXVariantGroup;
			children = (
				3858D14714F3FD2600C07A61 /* en */,
			);
			name = MainStoryboard_iPad.storyboard;
			sourceTree = "<group>";
		};
/* End PBXVariantGroup section */

/* Begin XCBuildConfiguration section */
		3858D14C14F3FD2600C07A61 /* Debug */ = {
			isa = XCBuildConfiguration;
			buildSettings = {
				ALWAYS_SEARCH_USER_PATHS = NO;
				ARCHS = "$(ARCHS_STANDARD_32_BIT)";
				CLANG_ENABLE_OBJC_ARC = YES;
				"CODE_SIGN_IDENTITY[sdk=iphoneos*]" = "iPhone Developer";
				COPY_PHASE_STRIP = NO;
				GCC_C_LANGUAGE_STANDARD = gnu99;
				GCC_DYNAMIC_NO_PIC = NO;
				GCC_OPTIMIZATION_LEVEL = 0;
				GCC_PREPROCESSOR_DEFINITIONS = (
					"DEBUG=1",
					"$(inherited)",
				);
				GCC_SYMBOLS_PRIVATE_EXTERN = NO;
				GCC_VERSION = com.apple.compilers.llvm.clang.1_0;
				GCC_WARN_ABOUT_RETURN_TYPE = YES;
				GCC_WARN_UNINITIALIZED_AUTOS = YES;
				GCC_WARN_UNUSED_VARIABLE = YES;
				IPHONEOS_DEPLOYMENT_TARGET = 5.0;
				SDKROOT = iphoneos;
				TARGETED_DEVICE_FAMILY = "1,2";
			};
			name = Debug;
		};
		3858D14D14F3FD2600C07A61 /* Release */ = {
			isa = XCBuildConfiguration;
			buildSettings = {
				ALWAYS_SEARCH_USER_PATHS = NO;
				ARCHS = "$(ARCHS_STANDARD_32_BIT)";
				CLANG_ENABLE_OBJC_ARC = YES;
				"CODE_SIGN_IDENTITY[sdk=iphoneos*]" = "iPhone Developer";
				COPY_PHASE_STRIP = YES;
				GCC_C_LANGUAGE_STANDARD = gnu99;
				GCC_VERSION = com.apple.compilers.llvm.clang.1_0;
				GCC_WARN_ABOUT_RETURN_TYPE = YES;
				GCC_WARN_UNINITIALIZED_AUTOS = YES;
				GCC_WARN_UNUSED_VARIABLE = YES;
				IPHONEOS_DEPLOYMENT_TARGET = 5.0;
				OTHER_CFLAGS = "-DNS_BLOCK_ASSERTIONS=1";
				SDKROOT = iphoneos;
				TARGETED_DEVICE_FAMILY = "1,2";
				VALIDATE_PRODUCT = YES;
			};
			name = Release;
		};
		3858D14F14F3FD2600C07A61 /* Debug */ = {
			isa = XCBuildConfiguration;
			buildSettings = {
				GCC_PRECOMPILE_PREFIX_HEADER = YES;
				GCC_PREFIX_HEADER = "HelloWorld/HelloWorld-Prefix.pch";
				INFOPLIST_FILE = "HelloWorld/HelloWorld-Info.plist";
				PRODUCT_NAME = "$(TARGET_NAME)";
				WRAPPER_EXTENSION = app;
			};
			name = Debug;
		};
		3858D15014F3FD2600C07A61 /* Release */ = {
			isa = XCBuildConfiguration;
			buildSettings = {
				GCC_PRECOMPILE_PREFIX_HEADER = YES;
				GCC_PREFIX_HEADER = "HelloWorld/HelloWorld-Prefix.pch";
				INFOPLIST_FILE = "HelloWorld/HelloWorld-Info.plist";
				PRODUCT_NAME = "$(TARGET_NAME)";
				WRAPPER_EXTENSION = app;
			};
			name = Release;
		};
/* End XCBuildConfiguration section */

/* Begin XCConfigurationList section */
		3858D12714F3FD2600C07A61 /* Build configuration list for PBXProject "HelloWorld" */ = {
			isa = XCConfigurationList;
			buildConfigurations = (
				3858D14C14F3FD2600C07A61 /* Debug */,
				3858D14D14F3FD2600C07A61 /* Release */,
			);
			defaultConfigurationIsVisible = 0;
			defaultConfigurationName = Release;
		};
		3858D14E14F3FD2600C07A61 /* Build configuration list for PBXNativeTarget "HelloWorld" */ = {
			isa = XCConfigurationList;
			buildConfigurations = (
				3858D14F14F3FD2600C07A61 /* Debug */,
				3858D15014F3FD2600C07A61 /* Release */,
			);
			defaultConfigurationIsVisible = 0;
		};
/* End XCConfigurationList section */
	};
	rootObject = 3858D12414F3FD2600C07A61 /* Project object */;
}
